// !$*UTF8*$!
{
	archiveVersion = 1;
	classes = {
	};
	objectVersion = 56;
	objects = {

/* Begin PBXBuildFile section */
		1AC2CA592B656B2900B744C1 /* MagnaKartaAppApp.swift in Sources */ = {isa = PBXBuildFile; fileRef = 1AC2CA582B656B2900B744C1 /* MagnaKartaAppApp.swift */; };
		1AC2CA5D2B656B2A00B744C1 /* Assets.xcassets in Resources */ = {isa = PBXBuildFile; fileRef = 1AC2CA5C2B656B2A00B744C1 /* Assets.xcassets */; };
		1AC2CA602B656B2A00B744C1 /* Preview Assets.xcassets in Resources */ = {isa = PBXBuildFile; fileRef = 1AC2CA5F2B656B2A00B744C1 /* Preview Assets.xcassets */; };
		1AC2CA682B6572A100B744C1 /* KartControls.swift in Sources */ = {isa = PBXBuildFile; fileRef = 1AC2CA672B6572A100B744C1 /* KartControls.swift */; };
		1AC2CA6B2B657E8000B744C1 /* Leather.metal in Sources */ = {isa = PBXBuildFile; fileRef = 1AC2CA6A2B657E8000B744C1 /* Leather.metal */; };
		1AC2CA6D2B657EEE00B744C1 /* Leather.swift in Sources */ = {isa = PBXBuildFile; fileRef = 1AC2CA6C2B657EEE00B744C1 /* Leather.swift */; };
/* End PBXBuildFile section */

/* Begin PBXFileReference section */
		1AC2CA552B656B2900B744C1 /* MagnaKartaApp.app */ = {isa = PBXFileReference; explicitFileType = wrapper.application; includeInIndex = 0; path = MagnaKartaApp.app; sourceTree = BUILT_PRODUCTS_DIR; };
		1AC2CA582B656B2900B744C1 /* MagnaKartaAppApp.swift */ = {isa = PBXFileReference; lastKnownFileType = sourcecode.swift; path = MagnaKartaAppApp.swift; sourceTree = "<group>"; };
		1AC2CA5C2B656B2A00B744C1 /* Assets.xcassets */ = {isa = PBXFileReference; lastKnownFileType = folder.assetcatalog; path = Assets.xcassets; sourceTree = "<group>"; };
		1AC2CA5F2B656B2A00B744C1 /* Preview Assets.xcassets */ = {isa = PBXFileReference; lastKnownFileType = folder.assetcatalog; path = "Preview Assets.xcassets"; sourceTree = "<group>"; };
		1AC2CA672B6572A100B744C1 /* KartControls.swift */ = {isa = PBXFileReference; lastKnownFileType = sourcecode.swift; path = KartControls.swift; sourceTree = "<group>"; };
		1AC2CA6A2B657E8000B744C1 /* Leather.metal */ = {isa = PBXFileReference; fileEncoding = 4; lastKnownFileType = sourcecode.metal; path = Leather.metal; sourceTree = "<group>"; };
		1AC2CA6C2B657EEE00B744C1 /* Leather.swift */ = {isa = PBXFileReference; lastKnownFileType = sourcecode.swift; path = Leather.swift; sourceTree = "<group>"; };
/* End PBXFileReference section */

/* Begin PBXFrameworksBuildPhase section */
		1AC2CA522B656B2900B744C1 /* Frameworks */ = {
			isa = PBXFrameworksBuildPhase;
			buildActionMask = 2147483647;
			files = (
			);
			runOnlyForDeploymentPostprocessing = 0;
		};
/* End PBXFrameworksBuildPhase section */

/* Begin PBXGroup section */
		1AC2CA4C2B656B2900B744C1 = {
			isa = PBXGroup;
			children = (
				1AC2CA572B656B2900B744C1 /* MagnaKartaApp */,
				1AC2CA562B656B2900B744C1 /* Products */,
			);
			sourceTree = "<group>";
		};
		1AC2CA562B656B2900B744C1 /* Products */ = {
			isa = PBXGroup;
			children = (
				1AC2CA552B656B2900B744C1 /* MagnaKartaApp.app */,
			);
			name = Products;
			sourceTree = "<group>";
		};
		1AC2CA572B656B2900B744C1 /* MagnaKartaApp */ = {
			isa = PBXGroup;
			children = (
				1AC2CA6E2B65992D00B744C1 /* Repositories */,
				1AC2CA692B657E7700B744C1 /* Shaders */,
				1AC2CA662B65720C00B744C1 /* Views */,
				1AC2CA582B656B2900B744C1 /* MagnaKartaAppApp.swift */,
				1AC2CA5C2B656B2A00B744C1 /* Assets.xcassets */,
				1AC2CA5E2B656B2A00B744C1 /* Preview Content */,
			);
			path = MagnaKartaApp;
			sourceTree = "<group>";
		};
		1AC2CA5E2B656B2A00B744C1 /* Preview Content */ = {
			isa = PBXGroup;
			children = (
				1AC2CA5F2B656B2A00B744C1 /* Preview Assets.xcassets */,
			);
			path = "Preview Content";
			sourceTree = "<group>";
		};
		1AC2CA662B65720C00B744C1 /* Views */ = {
			isa = PBXGroup;
			children = (
				1AC2CA672B6572A100B744C1 /* KartControls.swift */,
			);
			path = Views;
			sourceTree = "<group>";
		};
		1AC2CA692B657E7700B744C1 /* Shaders */ = {
			isa = PBXGroup;
			children = (
				1AC2CA6A2B657E8000B744C1 /* Leather.metal */,
				1AC2CA6C2B657EEE00B744C1 /* Leather.swift */,
			);
			path = Shaders;
			sourceTree = "<group>";
		};
		1AC2CA6E2B65992D00B744C1 /* Repositories */ = {
			isa = PBXGroup;
			children = (
			);
			path = Repositories;
			sourceTree = "<group>";
		};
/* End PBXGroup section */

/* Begin PBXNativeTarget section */
		1AC2CA542B656B2900B744C1 /* MagnaKartaApp */ = {
			isa = PBXNativeTarget;
			buildConfigurationList = 1AC2CA632B656B2A00B744C1 /* Build configuration list for PBXNativeTarget "MagnaKartaApp" */;
			buildPhases = (
				1AC2CA512B656B2900B744C1 /* Sources */,
				1AC2CA522B656B2900B744C1 /* Frameworks */,
				1AC2CA532B656B2900B744C1 /* Resources */,
			);
			buildRules = (
			);
			dependencies = (
			);
			name = MagnaKartaApp;
			productName = MagnaKartaApp;
			productReference = 1AC2CA552B656B2900B744C1 /* MagnaKartaApp.app */;
			productType = "com.apple.product-type.application";
		};
/* End PBXNativeTarget section */

/* Begin PBXProject section */
		1AC2CA4D2B656B2900B744C1 /* Project object */ = {
			isa = PBXProject;
			attributes = {
				BuildIndependentTargetsInParallel = 1;
				LastSwiftUpdateCheck = 1520;
				LastUpgradeCheck = 1520;
				TargetAttributes = {
					1AC2CA542B656B2900B744C1 = {
						CreatedOnToolsVersion = 15.2;
					};
				};
			};
			buildConfigurationList = 1AC2CA502B656B2900B744C1 /* Build configuration list for PBXProject "MagnaKartaApp" */;
			compatibilityVersion = "Xcode 14.0";
			developmentRegion = en;
			hasScannedForEncodings = 0;
			knownRegions = (
				en,
				Base,
			);
			mainGroup = 1AC2CA4C2B656B2900B744C1;
			productRefGroup = 1AC2CA562B656B2900B744C1 /* Products */;
			projectDirPath = "";
			projectRoot = "";
			targets = (
				1AC2CA542B656B2900B744C1 /* MagnaKartaApp */,
			);
		};
/* End PBXProject section */

/* Begin PBXResourcesBuildPhase section */
		1AC2CA532B656B2900B744C1 /* Resources */ = {
			isa = PBXResourcesBuildPhase;
			buildActionMask = 2147483647;
			files = (
				1AC2CA602B656B2A00B744C1 /* Preview Assets.xcassets in Resources */,
				1AC2CA5D2B656B2A00B744C1 /* Assets.xcassets in Resources */,
			);
			runOnlyForDeploymentPostprocessing = 0;
		};
/* End PBXResourcesBuildPhase section */

/* Begin PBXSourcesBuildPhase section */
		1AC2CA512B656B2900B744C1 /* Sources */ = {
			isa = PBXSourcesBuildPhase;
			buildActionMask = 2147483647;
			files = (
				1AC2CA6B2B657E8000B744C1 /* Leather.metal in Sources */,
				1AC2CA6D2B657EEE00B744C1 /* Leather.swift in Sources */,
				1AC2CA682B6572A100B744C1 /* KartControls.swift in Sources */,
				1AC2CA592B656B2900B744C1 /* MagnaKartaAppApp.swift in Sources */,
			);
			runOnlyForDeploymentPostprocessing = 0;
		};
/* End PBXSourcesBuildPhase section */

/* Begin XCBuildConfiguration section */
		1AC2CA612B656B2A00B744C1 /* Debug */ = {
			isa = XCBuildConfiguration;
			buildSettings = {
				ALWAYS_SEARCH_USER_PATHS = NO;
				ASSETCATALOG_COMPILER_GENERATE_SWIFT_ASSET_SYMBOL_EXTENSIONS = YES;
				CLANG_ANALYZER_NONNULL = YES;
				CLANG_ANALYZER_NUMBER_OBJECT_CONVERSION = YES_AGGRESSIVE;
				CLANG_CXX_LANGUAGE_STANDARD = "gnu++20";
				CLANG_ENABLE_MODULES = YES;
				CLANG_ENABLE_OBJC_ARC = YES;
				CLANG_ENABLE_OBJC_WEAK = YES;
				CLANG_WARN_BLOCK_CAPTURE_AUTORELEASING = YES;
				CLANG_WARN_BOOL_CONVERSION = YES;
				CLANG_WARN_COMMA = YES;
				CLANG_WARN_CONSTANT_CONVERSION = YES;
				CLANG_WARN_DEPRECATED_OBJC_IMPLEMENTATIONS = YES;
				CLANG_WARN_DIRECT_OBJC_ISA_USAGE = YES_ERROR;
				CLANG_WARN_DOCUMENTATION_COMMENTS = YES;
				CLANG_WARN_EMPTY_BODY = YES;
				CLANG_WARN_ENUM_CONVERSION = YES;
				CLANG_WARN_INFINITE_RECURSION = YES;
				CLANG_WARN_INT_CONVERSION = YES;
				CLANG_WARN_NON_LITERAL_NULL_CONVERSION = YES;
				CLANG_WARN_OBJC_IMPLICIT_RETAIN_SELF = YES;
				CLANG_WARN_OBJC_LITERAL_CONVERSION = YES;
				CLANG_WARN_OBJC_ROOT_CLASS = YES_ERROR;
				CLANG_WARN_QUOTED_INCLUDE_IN_FRAMEWORK_HEADER = YES;
				CLANG_WARN_RANGE_LOOP_ANALYSIS = YES;
				CLANG_WARN_STRICT_PROTOTYPES = YES;
				CLANG_WARN_SUSPICIOUS_MOVE = YES;
				CLANG_WARN_UNGUARDED_AVAILABILITY = YES_AGGRESSIVE;
				CLANG_WARN_UNREACHABLE_CODE = YES;
				CLANG_WARN__DUPLICATE_METHOD_MATCH = YES;
				COPY_PHASE_STRIP = NO;
				DEBUG_INFORMATION_FORMAT = dwarf;
				ENABLE_STRICT_OBJC_MSGSEND = YES;
				ENABLE_TESTABILITY = YES;
				ENABLE_USER_SCRIPT_SANDBOXING = YES;
				GCC_C_LANGUAGE_STANDARD = gnu17;
				GCC_DYNAMIC_NO_PIC = NO;
				GCC_NO_COMMON_BLOCKS = YES;
				GCC_OPTIMIZATION_LEVEL = 0;
				GCC_PREPROCESSOR_DEFINITIONS = (
					"DEBUG=1",
					"$(inherited)",
				);
				GCC_WARN_64_TO_32_BIT_CONVERSION = YES;
				GCC_WARN_ABOUT_RETURN_TYPE = YES_ERROR;
				GCC_WARN_UNDECLARED_SELECTOR = YES;
				GCC_WARN_UNINITIALIZED_AUTOS = YES_AGGRESSIVE;
				GCC_WARN_UNUSED_FUNCTION = YES;
				GCC_WARN_UNUSED_VARIABLE = YES;
				IPHONEOS_DEPLOYMENT_TARGET = 17.2;
				LOCALIZATION_PREFERS_STRING_CATALOGS = YES;
				MTL_ENABLE_DEBUG_INFO = INCLUDE_SOURCE;
				MTL_FAST_MATH = YES;
				ONLY_ACTIVE_ARCH = YES;
				SDKROOT = iphoneos;
				SWIFT_ACTIVE_COMPILATION_CONDITIONS = "DEBUG $(inherited)";
				SWIFT_OPTIMIZATION_LEVEL = "-Onone";
			};
			name = Debug;
		};
		1AC2CA622B656B2A00B744C1 /* Release */ = {
			isa = XCBuildConfiguration;
			buildSettings = {
				ALWAYS_SEARCH_USER_PATHS = NO;
				ASSETCATALOG_COMPILER_GENERATE_SWIFT_ASSET_SYMBOL_EXTENSIONS = YES;
				CLANG_ANALYZER_NONNULL = YES;
				CLANG_ANALYZER_NUMBER_OBJECT_CONVERSION = YES_AGGRESSIVE;
				CLANG_CXX_LANGUAGE_STANDARD = "gnu++20";
				CLANG_ENABLE_MODULES = YES;
				CLANG_ENABLE_OBJC_ARC = YES;
				CLANG_ENABLE_OBJC_WEAK = YES;
				CLANG_WARN_BLOCK_CAPTURE_AUTORELEASING = YES;
				CLANG_WARN_BOOL_CONVERSION = YES;
				CLANG_WARN_COMMA = YES;
				CLANG_WARN_CONSTANT_CONVERSION = YES;
				CLANG_WARN_DEPRECATED_OBJC_IMPLEMENTATIONS = YES;
				CLANG_WARN_DIRECT_OBJC_ISA_USAGE = YES_ERROR;
				CLANG_WARN_DOCUMENTATION_COMMENTS = YES;
				CLANG_WARN_EMPTY_BODY = YES;
				CLANG_WARN_ENUM_CONVERSION = YES;
				CLANG_WARN_INFINITE_RECURSION = YES;
				CLANG_WARN_INT_CONVERSION = YES;
				CLANG_WARN_NON_LITERAL_NULL_CONVERSION = YES;
				CLANG_WARN_OBJC_IMPLICIT_RETAIN_SELF = YES;
				CLANG_WARN_OBJC_LITERAL_CONVERSION = YES;
				CLANG_WARN_OBJC_ROOT_CLASS = YES_ERROR;
				CLANG_WARN_QUOTED_INCLUDE_IN_FRAMEWORK_HEADER = YES;
				CLANG_WARN_RANGE_LOOP_ANALYSIS = YES;
				CLANG_WARN_STRICT_PROTOTYPES = YES;
				CLANG_WARN_SUSPICIOUS_MOVE = YES;
				CLANG_WARN_UNGUARDED_AVAILABILITY = YES_AGGRESSIVE;
				CLANG_WARN_UNREACHABLE_CODE = YES;
				CLANG_WARN__DUPLICATE_METHOD_MATCH = YES;
				COPY_PHASE_STRIP = NO;
				DEBUG_INFORMATION_FORMAT = "dwarf-with-dsym";
				ENABLE_NS_ASSERTIONS = NO;
				ENABLE_STRICT_OBJC_MSGSEND = YES;
				ENABLE_USER_SCRIPT_SANDBOXING = YES;
				GCC_C_LANGUAGE_STANDARD = gnu17;
				GCC_NO_COMMON_BLOCKS = YES;
				GCC_WARN_64_TO_32_BIT_CONVERSION = YES;
				GCC_WARN_ABOUT_RETURN_TYPE = YES_ERROR;
				GCC_WARN_UNDECLARED_SELECTOR = YES;
				GCC_WARN_UNINITIALIZED_AUTOS = YES_AGGRESSIVE;
				GCC_WARN_UNUSED_FUNCTION = YES;
				GCC_WARN_UNUSED_VARIABLE = YES;
				IPHONEOS_DEPLOYMENT_TARGET = 17.2;
				LOCALIZATION_PREFERS_STRING_CATALOGS = YES;
				MTL_ENABLE_DEBUG_INFO = NO;
				MTL_FAST_MATH = YES;
				SDKROOT = iphoneos;
				SWIFT_COMPILATION_MODE = wholemodule;
				VALIDATE_PRODUCT = YES;
			};
			name = Release;
		};
		1AC2CA642B656B2A00B744C1 /* Debug */ = {
			isa = XCBuildConfiguration;
			buildSettings = {
				ASSETCATALOG_COMPILER_APPICON_NAME = AppIcon;
				ASSETCATALOG_COMPILER_GLOBAL_ACCENT_COLOR_NAME = AccentColor;
				CODE_SIGN_STYLE = Automatic;
				CURRENT_PROJECT_VERSION = 1;
				DEVELOPMENT_ASSET_PATHS = "\"MagnaKartaApp/Preview Content\"";
				DEVELOPMENT_TEAM = PFNS8PTRM7;
				ENABLE_PREVIEWS = YES;
				GENERATE_INFOPLIST_FILE = YES;
				INFOPLIST_KEY_UIApplicationSceneManifest_Generation = YES;
				INFOPLIST_KEY_UIApplicationSupportsIndirectInputEvents = YES;
				INFOPLIST_KEY_UILaunchScreen_Generation = YES;
				INFOPLIST_KEY_UISupportedInterfaceOrientations_iPad = "UIInterfaceOrientationPortrait UIInterfaceOrientationPortraitUpsideDown UIInterfaceOrientationLandscapeLeft UIInterfaceOrientationLandscapeRight";
				INFOPLIST_KEY_UISupportedInterfaceOrientations_iPhone = "UIInterfaceOrientationPortrait UIInterfaceOrientationLandscapeLeft UIInterfaceOrientationLandscapeRight";
				LD_RUNPATH_SEARCH_PATHS = (
					"$(inherited)",
					"@executable_path/Frameworks",
				);
				MARKETING_VERSION = 1.0;
				PRODUCT_BUNDLE_IDENTIFIER = com.unicornsonlsd.MagnaKartaApp;
				PRODUCT_NAME = "$(TARGET_NAME)";
				SWIFT_EMIT_LOC_STRINGS = YES;
				SWIFT_VERSION = 5.0;
				TARGETED_DEVICE_FAMILY = "1,2";
			};
			name = Debug;
		};
		1AC2CA652B656B2A00B744C1 /* Release */ = {
			isa = XCBuildConfiguration;
			buildSettings = {
				ASSETCATALOG_COMPILER_APPICON_NAME = AppIcon;
				ASSETCATALOG_COMPILER_GLOBAL_ACCENT_COLOR_NAME = AccentColor;
				CODE_SIGN_STYLE = Automatic;
				CURRENT_PROJECT_VERSION = 1;
				DEVELOPMENT_ASSET_PATHS = "\"MagnaKartaApp/Preview Content\"";
				DEVELOPMENT_TEAM = PFNS8PTRM7;
				ENABLE_PREVIEWS = YES;
				GENERATE_INFOPLIST_FILE = YES;
				INFOPLIST_KEY_UIApplicationSceneManifest_Generation = YES;
				INFOPLIST_KEY_UIApplicationSupportsIndirectInputEvents = YES;
				INFOPLIST_KEY_UILaunchScreen_Generation = YES;
				INFOPLIST_KEY_UISupportedInterfaceOrientations_iPad = "UIInterfaceOrientationPortrait UIInterfaceOrientationPortraitUpsideDown UIInterfaceOrientationLandscapeLeft UIInterfaceOrientationLandscapeRight";
				INFOPLIST_KEY_UISupportedInterfaceOrientations_iPhone = "UIInterfaceOrientationPortrait UIInterfaceOrientationLandscapeLeft UIInterfaceOrientationLandscapeRight";
				LD_RUNPATH_SEARCH_PATHS = (
					"$(inherited)",
					"@executable_path/Frameworks",
				);
				MARKETING_VERSION = 1.0;
				PRODUCT_BUNDLE_IDENTIFIER = com.unicornsonlsd.MagnaKartaApp;
				PRODUCT_NAME = "$(TARGET_NAME)";
				SWIFT_EMIT_LOC_STRINGS = YES;
				SWIFT_VERSION = 5.0;
				TARGETED_DEVICE_FAMILY = "1,2";
			};
			name = Release;
		};
/* End XCBuildConfiguration section */

/* Begin XCConfigurationList section */
		1AC2CA502B656B2900B744C1 /* Build configuration list for PBXProject "MagnaKartaApp" */ = {
			isa = XCConfigurationList;
			buildConfigurations = (
				1AC2CA612B656B2A00B744C1 /* Debug */,
				1AC2CA622B656B2A00B744C1 /* Release */,
			);
			defaultConfigurationIsVisible = 0;
			defaultConfigurationName = Release;
		};
		1AC2CA632B656B2A00B744C1 /* Build configuration list for PBXNativeTarget "MagnaKartaApp" */ = {
			isa = XCConfigurationList;
			buildConfigurations = (
				1AC2CA642B656B2A00B744C1 /* Debug */,
				1AC2CA652B656B2A00B744C1 /* Release */,
			);
			defaultConfigurationIsVisible = 0;
			defaultConfigurationName = Release;
		};
/* End XCConfigurationList section */
	};
	rootObject = 1AC2CA4D2B656B2900B744C1 /* Project object */;
}
